{
  "requires": true,
  "lockfileVersion": 1,
  "dependencies": {
    "bob-number-formatter": {
      "version": "1.0.1",
      "resolved": "https://registry.npmjs.org/bob-number-formatter/-/bob-number-formatter-1.0.1.tgz",
      "integrity": "sha512-GtBm0mlN/7ppgxqdGv2DQvZuA2HPwKRHM7dSJyVIc87P0zyqcQpjZjXc+e3PWFRoUVXW7HdB7XtdhU7vK7nPLw=="
    }
  }
}
